
Microsoft Visual Studio Solution File, Format Version 12.00
Project("{FAE04EC0-301F-11D3-BF4B-00C04F79EFBC}") = "IR2024.PnA.ApplicationDomain", "IR2024.PnA.ApplicationDomain\IR2024.PnA.ApplicationDomain.csproj", "{90183BBC-054D-4CE9-8F46-3B7984AD91E4}"
EndProject
Project("{FAE04EC0-301F-11D3-BF4B-00C04F79EFBC}") = "IR2024.PnA.Ports", "IR2024.PnA.Ports\IR2024.PnA.Ports.csproj", "{073BB1E0-719B-4927-98AF-71EC049A12C0}"
EndProject
Project("{FAE04EC0-301F-11D3-BF4B-00C04F79EFBC}") = "IR2024.PnA.Adapter", "IR2024.PnA.Adapter\IR2024.PnA.Adapter.csproj", "{67485A89-EFA5-4602-9532-59A888947AE2}"
EndProject
Project("{FAE04EC0-301F-11D3-BF4B-00C04F79EFBC}") = "IR2024.PnA.ApplicationDomain.Entities", "IR2024.PnA.ApplicationDomain.Entities\IR2024.PnA.ApplicationDomain.Entities.csproj", "{9CD37FAB-CC99-4A51-B68E-AA6B9F5EA140}"
EndProject
Project("{FAE04EC0-301F-11D3-BF4B-00C04F79EFBC}") = "IR2024.PnA.ApplicationDomain.Tests", "IR2024.PnA.ApplicationDomain.Tests\IR2024.PnA.ApplicationDomain.Tests.csproj", "{1E61D855-8A7B-4B8F-A4CB-F66C7287FB91}"
EndProject
Project("{FAE04EC0-301F-11D3-BF4B-00C04F79EFBC}") = "IR2024.PnA.Adapter.Console", "IR2024.PnA.Adapter.Console\IR2024.PnA.Adapter.Console.csproj", "{DAEBAC31-CC9E-4A01-8A4E-7AE20CA6738A}"
EndProject
Global
	GlobalSection(SolutionConfigurationPlatforms) = preSolution
		Debug|Any CPU = Debug|Any CPU
		Release|Any CPU = Release|Any CPU
	EndGlobalSection
	GlobalSection(ProjectConfigurationPlatforms) = postSolution
		{90183BBC-054D-4CE9-8F46-3B7984AD91E4}.Debug|Any CPU.ActiveCfg = Debug|Any CPU
		{90183BBC-054D-4CE9-8F46-3B7984AD91E4}.Debug|Any CPU.Build.0 = Debug|Any CPU
		{90183BBC-054D-4CE9-8F46-3B7984AD91E4}.Release|Any CPU.ActiveCfg = Release|Any CPU
		{90183BBC-054D-4CE9-8F46-3B7984AD91E4}.Release|Any CPU.Build.0 = Release|Any CPU
		{073BB1E0-719B-4927-98AF-71EC049A12C0}.Debug|Any CPU.ActiveCfg = Debug|Any CPU
		{073BB1E0-719B-4927-98AF-71EC049A12C0}.Debug|Any CPU.Build.0 = Debug|Any CPU
		{073BB1E0-719B-4927-98AF-71EC049A12C0}.Release|Any CPU.ActiveCfg = Release|Any CPU
		{073BB1E0-719B-4927-98AF-71EC049A12C0}.Release|Any CPU.Build.0 = Release|Any CPU
		{67485A89-EFA5-4602-9532-59A888947AE2}.Debug|Any CPU.ActiveCfg = Debug|Any CPU
		{67485A89-EFA5-4602-9532-59A888947AE2}.Debug|Any CPU.Build.0 = Debug|Any CPU
		{67485A89-EFA5-4602-9532-59A888947AE2}.Release|Any CPU.ActiveCfg = Release|Any CPU
		{67485A89-EFA5-4602-9532-59A888947AE2}.Release|Any CPU.Build.0 = Release|Any CPU
		{9CD37FAB-CC99-4A51-B68E-AA6B9F5EA140}.Debug|Any CPU.ActiveCfg = Debug|Any CPU
		{9CD37FAB-CC99-4A51-B68E-AA6B9F5EA140}.Debug|Any CPU.Build.0 = Debug|Any CPU
		{9CD37FAB-CC99-4A51-B68E-AA6B9F5EA140}.Release|Any CPU.ActiveCfg = Release|Any CPU
		{9CD37FAB-CC99-4A51-B68E-AA6B9F5EA140}.Release|Any CPU.Build.0 = Release|Any CPU
		{1E61D855-8A7B-4B8F-A4CB-F66C7287FB91}.Debug|Any CPU.ActiveCfg = Debug|Any CPU
		{1E61D855-8A7B-4B8F-A4CB-F66C7287FB91}.Debug|Any CPU.Build.0 = Debug|Any CPU
		{1E61D855-8A7B-4B8F-A4CB-F66C7287FB91}.Release|Any CPU.ActiveCfg = Release|Any CPU
		{1E61D855-8A7B-4B8F-A4CB-F66C7287FB91}.Release|Any CPU.Build.0 = Release|Any CPU
		{DAEBAC31-CC9E-4A01-8A4E-7AE20CA6738A}.Debug|Any CPU.ActiveCfg = Debug|Any CPU
		{DAEBAC31-CC9E-4A01-8A4E-7AE20CA6738A}.Debug|Any CPU.Build.0 = Debug|Any CPU
		{DAEBAC31-CC9E-4A01-8A4E-7AE20CA6738A}.Release|Any CPU.ActiveCfg = Release|Any CPU
		{DAEBAC31-CC9E-4A01-8A4E-7AE20CA6738A}.Release|Any CPU.Build.0 = Release|Any CPU
	EndGlobalSection
EndGlobal
